// !$*UTF8*$!
{
	archiveVersion = 1;
	classes = {
	};
	objectVersion = 54;
	objects = {

/* Begin PBXBuildFile section */
		00E356F31AD99517003FC87E /* TravelOnboardingAppTests.m in Sources */ = {isa = PBXBuildFile; fileRef = 00E356F21AD99517003FC87E /* TravelOnboardingAppTests.m */; };
		00ED3A6B47B94FB9892AEA08 /* RobotoCondensed-Light.ttf in Resources */ = {isa = PBXBuildFile; fileRef = B212555DE18F4994A9FBFEC2 /* RobotoCondensed-Light.ttf */; };
		13B07FBC1A68108700A75B9A /* AppDelegate.m in Sources */ = {isa = PBXBuildFile; fileRef = 13B07FB01A68108700A75B9A /* AppDelegate.m */; };
		13B07FBF1A68108700A75B9A /* Images.xcassets in Resources */ = {isa = PBXBuildFile; fileRef = 13B07FB51A68108700A75B9A /* Images.xcassets */; };
		13B07FC11A68108700A75B9A /* main.m in Sources */ = {isa = PBXBuildFile; fileRef = 13B07FB71A68108700A75B9A /* main.m */; };
		38990E7B7A6B4241BD11277F /* RobotoCondensed-Regular.ttf in Resources */ = {isa = PBXBuildFile; fileRef = AD35B46EE47143BAA4F6B9CF /* RobotoCondensed-Regular.ttf */; };
		44B582A6A32E4AB49E3BD2DA /* Roboto-Black.ttf in Resources */ = {isa = PBXBuildFile; fileRef = D93C9F3F425F4D6D93BF252C /* Roboto-Black.ttf */; };
		46FA38B9C94B46F68AAB758E /* Roboto-LightItalic.ttf in Resources */ = {isa = PBXBuildFile; fileRef = 602C1E694E6A4E2FAD9BF81A /* Roboto-LightItalic.ttf */; };
		53CC625378EC40458A31B967 /* RobotoCondensed-Italic.ttf in Resources */ = {isa = PBXBuildFile; fileRef = 2721E62F6C6A42AD84953D4E /* RobotoCondensed-Italic.ttf */; };
		54A7F3409F68BD642022CC4D /* libPods-TravelOnboardingApp-TravelOnboardingAppTests.a in Frameworks */ = {isa = PBXBuildFile; fileRef = 09A83BAABA9772DF95817AB9 /* libPods-TravelOnboardingApp-TravelOnboardingAppTests.a */; };
		5764E88F598C438D99A78F2E /* Roboto-Thin.ttf in Resources */ = {isa = PBXBuildFile; fileRef = 9C9F8FE7CD964FCEBE6DA15E /* Roboto-Thin.ttf */; };
		5F42FB7D5DA64484872F4239 /* Roboto-Regular.ttf in Resources */ = {isa = PBXBuildFile; fileRef = 5B403AB520FE41459A283B62 /* Roboto-Regular.ttf */; };
		63668C670A6340D8969F6576 /* RobotoCondensed-LightItalic.ttf in Resources */ = {isa = PBXBuildFile; fileRef = 8BC3FFA1F26E4CC18283F8B0 /* RobotoCondensed-LightItalic.ttf */; };
		6BE676D514464238AF4608F7 /* Roboto-MediumItalic.ttf in Resources */ = {isa = PBXBuildFile; fileRef = 1E537DEDB3564BDF9545EB64 /* Roboto-MediumItalic.ttf */; };
		75501F85BEC041508384CCB1 /* Roboto-BoldItalic.ttf in Resources */ = {isa = PBXBuildFile; fileRef = EECC8783735F405CAF249F73 /* Roboto-BoldItalic.ttf */; };
		81AB9BB82411601600AC10FF /* LaunchScreen.storyboard in Resources */ = {isa = PBXBuildFile; fileRef = 81AB9BB72411601600AC10FF /* LaunchScreen.storyboard */; };
		9FE0393F71334DC69272B0BD /* Roboto-BlackItalic.ttf in Resources */ = {isa = PBXBuildFile; fileRef = 0F2C613CD37143049BEBEDFA /* Roboto-BlackItalic.ttf */; };
		B3DF07172BA042A5A0922DC6 /* Roboto-Light.ttf in Resources */ = {isa = PBXBuildFile; fileRef = E8D292E6842F4F889B757BD4 /* Roboto-Light.ttf */; };
		C60EE38C32CD491DA482BDFF /* Roboto-Bold.ttf in Resources */ = {isa = PBXBuildFile; fileRef = 32051886CEE145C3A389183E /* Roboto-Bold.ttf */; };
		CB2DE0EA8C6F43AF2C00103C /* libPods-TravelOnboardingApp.a in Frameworks */ = {isa = PBXBuildFile; fileRef = 74BB1F89EB066A4F9E7BBC83 /* libPods-TravelOnboardingApp.a */; };
		CEB84C4DFB6542B59C170EBB /* RobotoCondensed-Bold.ttf in Resources */ = {isa = PBXBuildFile; fileRef = 146F07BA9C8147CC842F7159 /* RobotoCondensed-Bold.ttf */; };
		DF1FFC7CABDE4589A0B8D1F6 /* Roboto-Medium.ttf in Resources */ = {isa = PBXBuildFile; fileRef = 1FB29946FBC645F2A372053C /* Roboto-Medium.ttf */; };
		E1CF91FCCB2E431F937F8117 /* Roboto-ThinItalic.ttf in Resources */ = {isa = PBXBuildFile; fileRef = AC62E2CF5E0249ABB97FA8DA /* Roboto-ThinItalic.ttf */; };
		E28DA2A8AA374A2882CBB2A3 /* RobotoCondensed-BoldItalic.ttf in Resources */ = {isa = PBXBuildFile; fileRef = 893F66E727DA44408E7AFA83 /* RobotoCondensed-BoldItalic.ttf */; };
		FCF5534BF3724276A460FE55 /* Roboto-Italic.ttf in Resources */ = {isa = PBXBuildFile; fileRef = 593F7F93D27D4BE8BF56DDD8 /* Roboto-Italic.ttf */; };
/* End PBXBuildFile section */

/* Begin PBXContainerItemProxy section */
		00E356F41AD99517003FC87E /* PBXContainerItemProxy */ = {
			isa = PBXContainerItemProxy;
			containerPortal = 83CBB9F71A601CBA00E9B192 /* Project object */;
			proxyType = 1;
			remoteGlobalIDString = 13B07F861A680F5B00A75B9A;
			remoteInfo = TravelOnboardingApp;
		};
/* End PBXContainerItemProxy section */

/* Begin PBXFileReference section */
		00E356EE1AD99517003FC87E /* TravelOnboardingAppTests.xctest */ = {isa = PBXFileReference; explicitFileType = wrapper.cfbundle; includeInIndex = 0; path = TravelOnboardingAppTests.xctest; sourceTree = BUILT_PRODUCTS_DIR; };
		00E356F11AD99517003FC87E /* Info.plist */ = {isa = PBXFileReference; lastKnownFileType = text.plist.xml; path = Info.plist; sourceTree = "<group>"; };
		00E356F21AD99517003FC87E /* TravelOnboardingAppTests.m */ = {isa = PBXFileReference; lastKnownFileType = sourcecode.c.objc; path = TravelOnboardingAppTests.m; sourceTree = "<group>"; };
		09A83BAABA9772DF95817AB9 /* libPods-TravelOnboardingApp-TravelOnboardingAppTests.a */ = {isa = PBXFileReference; explicitFileType = archive.ar; includeInIndex = 0; path = "libPods-TravelOnboardingApp-TravelOnboardingAppTests.a"; sourceTree = BUILT_PRODUCTS_DIR; };
		0E84CAAEFBD2AD00AD074462 /* Pods-TravelOnboardingApp.release.xcconfig */ = {isa = PBXFileReference; includeInIndex = 1; lastKnownFileType = text.xcconfig; name = "Pods-TravelOnboardingApp.release.xcconfig"; path = "Target Support Files/Pods-TravelOnboardingApp/Pods-TravelOnboardingApp.release.xcconfig"; sourceTree = "<group>"; };
		0F2C613CD37143049BEBEDFA /* Roboto-BlackItalic.ttf */ = {isa = PBXFileReference; explicitFileType = undefined; fileEncoding = undefined; includeInIndex = 0; lastKnownFileType = unknown; name = "Roboto-BlackItalic.ttf"; path = "../app/assets/fonts/Roboto-BlackItalic.ttf"; sourceTree = "<group>"; };
		13B07F961A680F5B00A75B9A /* TravelOnboardingApp.app */ = {isa = PBXFileReference; explicitFileType = wrapper.application; includeInIndex = 0; path = TravelOnboardingApp.app; sourceTree = BUILT_PRODUCTS_DIR; };
		13B07FAF1A68108700A75B9A /* AppDelegate.h */ = {isa = PBXFileReference; fileEncoding = 4; lastKnownFileType = sourcecode.c.h; name = AppDelegate.h; path = TravelOnboardingApp/AppDelegate.h; sourceTree = "<group>"; };
		13B07FB01A68108700A75B9A /* AppDelegate.m */ = {isa = PBXFileReference; fileEncoding = 4; lastKnownFileType = sourcecode.c.objc; name = AppDelegate.m; path = TravelOnboardingApp/AppDelegate.m; sourceTree = "<group>"; };
		13B07FB51A68108700A75B9A /* Images.xcassets */ = {isa = PBXFileReference; lastKnownFileType = folder.assetcatalog; name = Images.xcassets; path = TravelOnboardingApp/Images.xcassets; sourceTree = "<group>"; };
		13B07FB61A68108700A75B9A /* Info.plist */ = {isa = PBXFileReference; fileEncoding = 4; lastKnownFileType = text.plist.xml; name = Info.plist; path = TravelOnboardingApp/Info.plist; sourceTree = "<group>"; };
		13B07FB71A68108700A75B9A /* main.m */ = {isa = PBXFileReference; fileEncoding = 4; lastKnownFileType = sourcecode.c.objc; name = main.m; path = TravelOnboardingApp/main.m; sourceTree = "<group>"; };
		146F07BA9C8147CC842F7159 /* RobotoCondensed-Bold.ttf */ = {isa = PBXFileReference; explicitFileType = undefined; fileEncoding = undefined; includeInIndex = 0; lastKnownFileType = unknown; name = "RobotoCondensed-Bold.ttf"; path = "../app/assets/fonts/RobotoCondensed-Bold.ttf"; sourceTree = "<group>"; };
		1930256B678C2A354D1EDD89 /* Pods-TravelOnboardingApp-TravelOnboardingAppTests.release.xcconfig */ = {isa = PBXFileReference; includeInIndex = 1; lastKnownFileType = text.xcconfig; name = "Pods-TravelOnboardingApp-TravelOnboardingAppTests.release.xcconfig"; path = "Target Support Files/Pods-TravelOnboardingApp-TravelOnboardingAppTests/Pods-TravelOnboardingApp-TravelOnboardingAppTests.release.xcconfig"; sourceTree = "<group>"; };
		1E537DEDB3564BDF9545EB64 /* Roboto-MediumItalic.ttf */ = {isa = PBXFileReference; explicitFileType = undefined; fileEncoding = undefined; includeInIndex = 0; lastKnownFileType = unknown; name = "Roboto-MediumItalic.ttf"; path = "../app/assets/fonts/Roboto-MediumItalic.ttf"; sourceTree = "<group>"; };
		1FB29946FBC645F2A372053C /* Roboto-Medium.ttf */ = {isa = PBXFileReference; explicitFileType = undefined; fileEncoding = undefined; includeInIndex = 0; lastKnownFileType = unknown; name = "Roboto-Medium.ttf"; path = "../app/assets/fonts/Roboto-Medium.ttf"; sourceTree = "<group>"; };
		2721E62F6C6A42AD84953D4E /* RobotoCondensed-Italic.ttf */ = {isa = PBXFileReference; explicitFileType = undefined; fileEncoding = undefined; includeInIndex = 0; lastKnownFileType = unknown; name = "RobotoCondensed-Italic.ttf"; path = "../app/assets/fonts/RobotoCondensed-Italic.ttf"; sourceTree = "<group>"; };
		32051886CEE145C3A389183E /* Roboto-Bold.ttf */ = {isa = PBXFileReference; explicitFileType = undefined; fileEncoding = undefined; includeInIndex = 0; lastKnownFileType = unknown; name = "Roboto-Bold.ttf"; path = "../app/assets/fonts/Roboto-Bold.ttf"; sourceTree = "<group>"; };
		4B0062096787362DD0DA9DE1 /* Pods-TravelOnboardingApp-TravelOnboardingAppTests.debug.xcconfig */ = {isa = PBXFileReference; includeInIndex = 1; lastKnownFileType = text.xcconfig; name = "Pods-TravelOnboardingApp-TravelOnboardingAppTests.debug.xcconfig"; path = "Target Support Files/Pods-TravelOnboardingApp-TravelOnboardingAppTests/Pods-TravelOnboardingApp-TravelOnboardingAppTests.debug.xcconfig"; sourceTree = "<group>"; };
		58B41BF909528C7F48C3021E /* Pods-TravelOnboardingApp.debug.xcconfig */ = {isa = PBXFileReference; includeInIndex = 1; lastKnownFileType = text.xcconfig; name = "Pods-TravelOnboardingApp.debug.xcconfig"; path = "Target Support Files/Pods-TravelOnboardingApp/Pods-TravelOnboardingApp.debug.xcconfig"; sourceTree = "<group>"; };
		593F7F93D27D4BE8BF56DDD8 /* Roboto-Italic.ttf */ = {isa = PBXFileReference; explicitFileType = undefined; fileEncoding = undefined; includeInIndex = 0; lastKnownFileType = unknown; name = "Roboto-Italic.ttf"; path = "../app/assets/fonts/Roboto-Italic.ttf"; sourceTree = "<group>"; };
		5B403AB520FE41459A283B62 /* Roboto-Regular.ttf */ = {isa = PBXFileReference; explicitFileType = undefined; fileEncoding = undefined; includeInIndex = 0; lastKnownFileType = unknown; name = "Roboto-Regular.ttf"; path = "../app/assets/fonts/Roboto-Regular.ttf"; sourceTree = "<group>"; };
		602C1E694E6A4E2FAD9BF81A /* Roboto-LightItalic.ttf */ = {isa = PBXFileReference; explicitFileType = undefined; fileEncoding = undefined; includeInIndex = 0; lastKnownFileType = unknown; name = "Roboto-LightItalic.ttf"; path = "../app/assets/fonts/Roboto-LightItalic.ttf"; sourceTree = "<group>"; };
		74BB1F89EB066A4F9E7BBC83 /* libPods-TravelOnboardingApp.a */ = {isa = PBXFileReference; explicitFileType = archive.ar; includeInIndex = 0; path = "libPods-TravelOnboardingApp.a"; sourceTree = BUILT_PRODUCTS_DIR; };
		81AB9BB72411601600AC10FF /* LaunchScreen.storyboard */ = {isa = PBXFileReference; fileEncoding = 4; lastKnownFileType = file.storyboard; name = LaunchScreen.storyboard; path = TravelOnboardingApp/LaunchScreen.storyboard; sourceTree = "<group>"; };
		893F66E727DA44408E7AFA83 /* RobotoCondensed-BoldItalic.ttf */ = {isa = PBXFileReference; explicitFileType = undefined; fileEncoding = undefined; includeInIndex = 0; lastKnownFileType = unknown; name = "RobotoCondensed-BoldItalic.ttf"; path = "../app/assets/fonts/RobotoCondensed-BoldItalic.ttf"; sourceTree = "<group>"; };
		8BC3FFA1F26E4CC18283F8B0 /* RobotoCondensed-LightItalic.ttf */ = {isa = PBXFileReference; explicitFileType = undefined; fileEncoding = undefined; includeInIndex = 0; lastKnownFileType = unknown; name = "RobotoCondensed-LightItalic.ttf"; path = "../app/assets/fonts/RobotoCondensed-LightItalic.ttf"; sourceTree = "<group>"; };
		9C9F8FE7CD964FCEBE6DA15E /* Roboto-Thin.ttf */ = {isa = PBXFileReference; explicitFileType = undefined; fileEncoding = undefined; includeInIndex = 0; lastKnownFileType = unknown; name = "Roboto-Thin.ttf"; path = "../app/assets/fonts/Roboto-Thin.ttf"; sourceTree = "<group>"; };
		AC62E2CF5E0249ABB97FA8DA /* Roboto-ThinItalic.ttf */ = {isa = PBXFileReference; explicitFileType = undefined; fileEncoding = undefined; includeInIndex = 0; lastKnownFileType = unknown; name = "Roboto-ThinItalic.ttf"; path = "../app/assets/fonts/Roboto-ThinItalic.ttf"; sourceTree = "<group>"; };
		AD35B46EE47143BAA4F6B9CF /* RobotoCondensed-Regular.ttf */ = {isa = PBXFileReference; explicitFileType = undefined; fileEncoding = undefined; includeInIndex = 0; lastKnownFileType = unknown; name = "RobotoCondensed-Regular.ttf"; path = "../app/assets/fonts/RobotoCondensed-Regular.ttf"; sourceTree = "<group>"; };
		B212555DE18F4994A9FBFEC2 /* RobotoCondensed-Light.ttf */ = {isa = PBXFileReference; explicitFileType = undefined; fileEncoding = undefined; includeInIndex = 0; lastKnownFileType = unknown; name = "RobotoCondensed-Light.ttf"; path = "../app/assets/fonts/RobotoCondensed-Light.ttf"; sourceTree = "<group>"; };
		D93C9F3F425F4D6D93BF252C /* Roboto-Black.ttf */ = {isa = PBXFileReference; explicitFileType = undefined; fileEncoding = undefined; includeInIndex = 0; lastKnownFileType = unknown; name = "Roboto-Black.ttf"; path = "../app/assets/fonts/Roboto-Black.ttf"; sourceTree = "<group>"; };
		E8D292E6842F4F889B757BD4 /* Roboto-Light.ttf */ = {isa = PBXFileReference; explicitFileType = undefined; fileEncoding = undefined; includeInIndex = 0; lastKnownFileType = unknown; name = "Roboto-Light.ttf"; path = "../app/assets/fonts/Roboto-Light.ttf"; sourceTree = "<group>"; };
		ED297162215061F000B7C4FE /* JavaScriptCore.framework */ = {isa = PBXFileReference; lastKnownFileType = wrapper.framework; name = JavaScriptCore.framework; path = System/Library/Frameworks/JavaScriptCore.framework; sourceTree = SDKROOT; };
		EECC8783735F405CAF249F73 /* Roboto-BoldItalic.ttf */ = {isa = PBXFileReference; explicitFileType = undefined; fileEncoding = undefined; includeInIndex = 0; lastKnownFileType = unknown; name = "Roboto-BoldItalic.ttf"; path = "../app/assets/fonts/Roboto-BoldItalic.ttf"; sourceTree = "<group>"; };
/* End PBXFileReference section */

/* Begin PBXFrameworksBuildPhase section */
		00E356EB1AD99517003FC87E /* Frameworks */ = {
			isa = PBXFrameworksBuildPhase;
			buildActionMask = 2147483647;
			files = (
				54A7F3409F68BD642022CC4D /* libPods-TravelOnboardingApp-TravelOnboardingAppTests.a in Frameworks */,
			);
			runOnlyForDeploymentPostprocessing = 0;
		};
		13B07F8C1A680F5B00A75B9A /* Frameworks */ = {
			isa = PBXFrameworksBuildPhase;
			buildActionMask = 2147483647;
			files = (
				CB2DE0EA8C6F43AF2C00103C /* libPods-TravelOnboardingApp.a in Frameworks */,
			);
			runOnlyForDeploymentPostprocessing = 0;
		};
/* End PBXFrameworksBuildPhase section */

/* Begin PBXGroup section */
		00E356EF1AD99517003FC87E /* TravelOnboardingAppTests */ = {
			isa = PBXGroup;
			children = (
				00E356F21AD99517003FC87E /* TravelOnboardingAppTests.m */,
				00E356F01AD99517003FC87E /* Supporting Files */,
			);
			path = TravelOnboardingAppTests;
			sourceTree = "<group>";
		};
		00E356F01AD99517003FC87E /* Supporting Files */ = {
			isa = PBXGroup;
			children = (
				00E356F11AD99517003FC87E /* Info.plist */,
			);
			name = "Supporting Files";
			sourceTree = "<group>";
		};
		13B07FAE1A68108700A75B9A /* TravelOnboardingApp */ = {
			isa = PBXGroup;
			children = (
				13B07FAF1A68108700A75B9A /* AppDelegate.h */,
				13B07FB01A68108700A75B9A /* AppDelegate.m */,
				13B07FB51A68108700A75B9A /* Images.xcassets */,
				13B07FB61A68108700A75B9A /* Info.plist */,
				81AB9BB72411601600AC10FF /* LaunchScreen.storyboard */,
				13B07FB71A68108700A75B9A /* main.m */,
			);
			name = TravelOnboardingApp;
			sourceTree = "<group>";
		};
		2D16E6871FA4F8E400B85C8A /* Frameworks */ = {
			isa = PBXGroup;
			children = (
				ED297162215061F000B7C4FE /* JavaScriptCore.framework */,
				74BB1F89EB066A4F9E7BBC83 /* libPods-TravelOnboardingApp.a */,
				09A83BAABA9772DF95817AB9 /* libPods-TravelOnboardingApp-TravelOnboardingAppTests.a */,
			);
			name = Frameworks;
			sourceTree = "<group>";
		};
		7E3CB7D423424F5088F5DE0F /* Resources */ = {
			isa = PBXGroup;
			children = (
				D93C9F3F425F4D6D93BF252C /* Roboto-Black.ttf */,
				0F2C613CD37143049BEBEDFA /* Roboto-BlackItalic.ttf */,
				32051886CEE145C3A389183E /* Roboto-Bold.ttf */,
				EECC8783735F405CAF249F73 /* Roboto-BoldItalic.ttf */,
				593F7F93D27D4BE8BF56DDD8 /* Roboto-Italic.ttf */,
				E8D292E6842F4F889B757BD4 /* Roboto-Light.ttf */,
				602C1E694E6A4E2FAD9BF81A /* Roboto-LightItalic.ttf */,
				1FB29946FBC645F2A372053C /* Roboto-Medium.ttf */,
				1E537DEDB3564BDF9545EB64 /* Roboto-MediumItalic.ttf */,
				5B403AB520FE41459A283B62 /* Roboto-Regular.ttf */,
				9C9F8FE7CD964FCEBE6DA15E /* Roboto-Thin.ttf */,
				AC62E2CF5E0249ABB97FA8DA /* Roboto-ThinItalic.ttf */,
				146F07BA9C8147CC842F7159 /* RobotoCondensed-Bold.ttf */,
				893F66E727DA44408E7AFA83 /* RobotoCondensed-BoldItalic.ttf */,
				2721E62F6C6A42AD84953D4E /* RobotoCondensed-Italic.ttf */,
				B212555DE18F4994A9FBFEC2 /* RobotoCondensed-Light.ttf */,
				8BC3FFA1F26E4CC18283F8B0 /* RobotoCondensed-LightItalic.ttf */,
				AD35B46EE47143BAA4F6B9CF /* RobotoCondensed-Regular.ttf */,
			);
			name = Resources;
			path = "";
			sourceTree = "<group>";
		};
		832341AE1AAA6A7D00B99B32 /* Libraries */ = {
			isa = PBXGroup;
			children = (
			);
			name = Libraries;
			sourceTree = "<group>";
		};
		83CBB9F61A601CBA00E9B192 = {
			isa = PBXGroup;
			children = (
				13B07FAE1A68108700A75B9A /* TravelOnboardingApp */,
				832341AE1AAA6A7D00B99B32 /* Libraries */,
				00E356EF1AD99517003FC87E /* TravelOnboardingAppTests */,
				83CBBA001A601CBA00E9B192 /* Products */,
				2D16E6871FA4F8E400B85C8A /* Frameworks */,
				A794BE1E453979D32A0A8463 /* Pods */,
				7E3CB7D423424F5088F5DE0F /* Resources */,
			);
			indentWidth = 2;
			sourceTree = "<group>";
			tabWidth = 2;
			usesTabs = 0;
		};
		83CBBA001A601CBA00E9B192 /* Products */ = {
			isa = PBXGroup;
			children = (
				13B07F961A680F5B00A75B9A /* TravelOnboardingApp.app */,
				00E356EE1AD99517003FC87E /* TravelOnboardingAppTests.xctest */,
			);
			name = Products;
			sourceTree = "<group>";
		};
		A794BE1E453979D32A0A8463 /* Pods */ = {
			isa = PBXGroup;
			children = (
				58B41BF909528C7F48C3021E /* Pods-TravelOnboardingApp.debug.xcconfig */,
				0E84CAAEFBD2AD00AD074462 /* Pods-TravelOnboardingApp.release.xcconfig */,
				4B0062096787362DD0DA9DE1 /* Pods-TravelOnboardingApp-TravelOnboardingAppTests.debug.xcconfig */,
				1930256B678C2A354D1EDD89 /* Pods-TravelOnboardingApp-TravelOnboardingAppTests.release.xcconfig */,
			);
			name = Pods;
			path = Pods;
			sourceTree = "<group>";
		};
/* End PBXGroup section */

/* Begin PBXNativeTarget section */
		00E356ED1AD99517003FC87E /* TravelOnboardingAppTests */ = {
			isa = PBXNativeTarget;
			buildConfigurationList = 00E357021AD99517003FC87E /* Build configuration list for PBXNativeTarget "TravelOnboardingAppTests" */;
			buildPhases = (
				C90481C5ABFEAA8F0797D083 /* [CP] Check Pods Manifest.lock */,
				00E356EA1AD99517003FC87E /* Sources */,
				00E356EB1AD99517003FC87E /* Frameworks */,
				00E356EC1AD99517003FC87E /* Resources */,
				74A14B993D73211C5BD69D51 /* [CP] Copy Pods Resources */,
				15656C3A7E9FAB368A11128F /* [CP] Embed Pods Frameworks */,
			);
			buildRules = (
			);
			dependencies = (
				00E356F51AD99517003FC87E /* PBXTargetDependency */,
			);
			name = TravelOnboardingAppTests;
			productName = TravelOnboardingAppTests;
			productReference = 00E356EE1AD99517003FC87E /* TravelOnboardingAppTests.xctest */;
			productType = "com.apple.product-type.bundle.unit-test";
		};
		13B07F861A680F5B00A75B9A /* TravelOnboardingApp */ = {
			isa = PBXNativeTarget;
			buildConfigurationList = 13B07F931A680F5B00A75B9A /* Build configuration list for PBXNativeTarget "TravelOnboardingApp" */;
			buildPhases = (
				CF5A4275EB53FBDD83447900 /* [CP] Check Pods Manifest.lock */,
				FD10A7F022414F080027D42C /* Start Packager */,
				13B07F871A680F5B00A75B9A /* Sources */,
				13B07F8C1A680F5B00A75B9A /* Frameworks */,
				13B07F8E1A680F5B00A75B9A /* Resources */,
				00DD1BFF1BD5951E006B06BC /* Bundle React Native code and images */,
				544812A13F7F0E2FE21F8E61 /* [CP] Copy Pods Resources */,
				F11EB2A51BD68EF39958FA97 /* [CP] Embed Pods Frameworks */,
			);
			buildRules = (
			);
			dependencies = (
			);
			name = TravelOnboardingApp;
			productName = TravelOnboardingApp;
			productReference = 13B07F961A680F5B00A75B9A /* TravelOnboardingApp.app */;
			productType = "com.apple.product-type.application";
		};
/* End PBXNativeTarget section */

/* Begin PBXProject section */
		83CBB9F71A601CBA00E9B192 /* Project object */ = {
			isa = PBXProject;
			attributes = {
				LastUpgradeCheck = 1210;
				TargetAttributes = {
					00E356ED1AD99517003FC87E = {
						CreatedOnToolsVersion = 6.2;
						TestTargetID = 13B07F861A680F5B00A75B9A;
					};
					13B07F861A680F5B00A75B9A = {
						LastSwiftMigration = 1120;
					};
				};
			};
			buildConfigurationList = 83CBB9FA1A601CBA00E9B192 /* Build configuration list for PBXProject "TravelOnboardingApp" */;
			compatibilityVersion = "Xcode 12.0";
			developmentRegion = en;
			hasScannedForEncodings = 0;
			knownRegions = (
				en,
				Base,
			);
			mainGroup = 83CBB9F61A601CBA00E9B192;
			productRefGroup = 83CBBA001A601CBA00E9B192 /* Products */;
			projectDirPath = "";
			projectRoot = "";
			targets = (
				13B07F861A680F5B00A75B9A /* TravelOnboardingApp */,
				00E356ED1AD99517003FC87E /* TravelOnboardingAppTests */,
			);
		};
/* End PBXProject section */

/* Begin PBXResourcesBuildPhase section */
		00E356EC1AD99517003FC87E /* Resources */ = {
			isa = PBXResourcesBuildPhase;
			buildActionMask = 2147483647;
			files = (
			);
			runOnlyForDeploymentPostprocessing = 0;
		};
		13B07F8E1A680F5B00A75B9A /* Resources */ = {
			isa = PBXResourcesBuildPhase;
			buildActionMask = 2147483647;
			files = (
				81AB9BB82411601600AC10FF /* LaunchScreen.storyboard in Resources */,
				13B07FBF1A68108700A75B9A /* Images.xcassets in Resources */,
				44B582A6A32E4AB49E3BD2DA /* Roboto-Black.ttf in Resources */,
				9FE0393F71334DC69272B0BD /* Roboto-BlackItalic.ttf in Resources */,
				C60EE38C32CD491DA482BDFF /* Roboto-Bold.ttf in Resources */,
				75501F85BEC041508384CCB1 /* Roboto-BoldItalic.ttf in Resources */,
				FCF5534BF3724276A460FE55 /* Roboto-Italic.ttf in Resources */,
				B3DF07172BA042A5A0922DC6 /* Roboto-Light.ttf in Resources */,
				46FA38B9C94B46F68AAB758E /* Roboto-LightItalic.ttf in Resources */,
				DF1FFC7CABDE4589A0B8D1F6 /* Roboto-Medium.ttf in Resources */,
				6BE676D514464238AF4608F7 /* Roboto-MediumItalic.ttf in Resources */,
				5F42FB7D5DA64484872F4239 /* Roboto-Regular.ttf in Resources */,
				5764E88F598C438D99A78F2E /* Roboto-Thin.ttf in Resources */,
				E1CF91FCCB2E431F937F8117 /* Roboto-ThinItalic.ttf in Resources */,
				CEB84C4DFB6542B59C170EBB /* RobotoCondensed-Bold.ttf in Resources */,
				E28DA2A8AA374A2882CBB2A3 /* RobotoCondensed-BoldItalic.ttf in Resources */,
				53CC625378EC40458A31B967 /* RobotoCondensed-Italic.ttf in Resources */,
				00ED3A6B47B94FB9892AEA08 /* RobotoCondensed-Light.ttf in Resources */,
				63668C670A6340D8969F6576 /* RobotoCondensed-LightItalic.ttf in Resources */,
				38990E7B7A6B4241BD11277F /* RobotoCondensed-Regular.ttf in Resources */,
			);
			runOnlyForDeploymentPostprocessing = 0;
		};
/* End PBXResourcesBuildPhase section */

/* Begin PBXShellScriptBuildPhase section */
		00DD1BFF1BD5951E006B06BC /* Bundle React Native code and images */ = {
			isa = PBXShellScriptBuildPhase;
			buildActionMask = 2147483647;
			files = (
			);
			inputPaths = (
			);
			name = "Bundle React Native code and images";
			outputPaths = (
			);
			runOnlyForDeploymentPostprocessing = 0;
			shellPath = /bin/sh;
			shellScript = "set -e\n\nexport NODE_BINARY=node\n../node_modules/react-native/scripts/react-native-xcode.sh\n";
		};
		15656C3A7E9FAB368A11128F /* [CP] Embed Pods Frameworks */ = {
			isa = PBXShellScriptBuildPhase;
			buildActionMask = 2147483647;
			files = (
			);
			inputFileListPaths = (
				"${PODS_ROOT}/Target Support Files/Pods-TravelOnboardingApp-TravelOnboardingAppTests/Pods-TravelOnboardingApp-TravelOnboardingAppTests-frameworks-${CONFIGURATION}-input-files.xcfilelist",
			);
			name = "[CP] Embed Pods Frameworks";
			outputFileListPaths = (
				"${PODS_ROOT}/Target Support Files/Pods-TravelOnboardingApp-TravelOnboardingAppTests/Pods-TravelOnboardingApp-TravelOnboardingAppTests-frameworks-${CONFIGURATION}-output-files.xcfilelist",
			);
			runOnlyForDeploymentPostprocessing = 0;
			shellPath = /bin/sh;
			shellScript = "\"${PODS_ROOT}/Target Support Files/Pods-TravelOnboardingApp-TravelOnboardingAppTests/Pods-TravelOnboardingApp-TravelOnboardingAppTests-frameworks.sh\"\n";
			showEnvVarsInLog = 0;
		};
		544812A13F7F0E2FE21F8E61 /* [CP] Copy Pods Resources */ = {
			isa = PBXShellScriptBuildPhase;
			buildActionMask = 2147483647;
			files = (
			);
			inputFileListPaths = (
				"${PODS_ROOT}/Target Support Files/Pods-TravelOnboardingApp/Pods-TravelOnboardingApp-resources-${CONFIGURATION}-input-files.xcfilelist",
			);
			name = "[CP] Copy Pods Resources";
			outputFileListPaths = (
				"${PODS_ROOT}/Target Support Files/Pods-TravelOnboardingApp/Pods-TravelOnboardingApp-resources-${CONFIGURATION}-output-files.xcfilelist",
			);
			runOnlyForDeploymentPostprocessing = 0;
			shellPath = /bin/sh;
			shellScript = "\"${PODS_ROOT}/Target Support Files/Pods-TravelOnboardingApp/Pods-TravelOnboardingApp-resources.sh\"\n";
			showEnvVarsInLog = 0;
		};
		74A14B993D73211C5BD69D51 /* [CP] Copy Pods Resources */ = {
			isa = PBXShellScriptBuildPhase;
			buildActionMask = 2147483647;
			files = (
			);
			inputFileListPaths = (
				"${PODS_ROOT}/Target Support Files/Pods-TravelOnboardingApp-TravelOnboardingAppTests/Pods-TravelOnboardingApp-TravelOnboardingAppTests-resources-${CONFIGURATION}-input-files.xcfilelist",
			);
			name = "[CP] Copy Pods Resources";
			outputFileListPaths = (
				"${PODS_ROOT}/Target Support Files/Pods-TravelOnboardingApp-TravelOnboardingAppTests/Pods-TravelOnboardingApp-TravelOnboardingAppTests-resources-${CONFIGURATION}-output-files.xcfilelist",
			);
			runOnlyForDeploymentPostprocessing = 0;
			shellPath = /bin/sh;
			shellScript = "\"${PODS_ROOT}/Target Support Files/Pods-TravelOnboardingApp-TravelOnboardingAppTests/Pods-TravelOnboardingApp-TravelOnboardingAppTests-resources.sh\"\n";
			showEnvVarsInLog = 0;
		};
		C90481C5ABFEAA8F0797D083 /* [CP] Check Pods Manifest.lock */ = {
			isa = PBXShellScriptBuildPhase;
			buildActionMask = 2147483647;
			files = (
			);
			inputFileListPaths = (
			);
			inputPaths = (
				"${PODS_PODFILE_DIR_PATH}/Podfile.lock",
				"${PODS_ROOT}/Manifest.lock",
			);
			name = "[CP] Check Pods Manifest.lock";
			outputFileListPaths = (
			);
			outputPaths = (
				"$(DERIVED_FILE_DIR)/Pods-TravelOnboardingApp-TravelOnboardingAppTests-checkManifestLockResult.txt",
			);
			runOnlyForDeploymentPostprocessing = 0;
			shellPath = /bin/sh;
			shellScript = "diff \"${PODS_PODFILE_DIR_PATH}/Podfile.lock\" \"${PODS_ROOT}/Manifest.lock\" > /dev/null\nif [ $? != 0 ] ; then\n    # print error to STDERR\n    echo \"error: The sandbox is not in sync with the Podfile.lock. Run 'pod install' or update your CocoaPods installation.\" >&2\n    exit 1\nfi\n# This output is used by Xcode 'outputs' to avoid re-running this script phase.\necho \"SUCCESS\" > \"${SCRIPT_OUTPUT_FILE_0}\"\n";
			showEnvVarsInLog = 0;
		};
		CF5A4275EB53FBDD83447900 /* [CP] Check Pods Manifest.lock */ = {
			isa = PBXShellScriptBuildPhase;
			buildActionMask = 2147483647;
			files = (
			);
			inputFileListPaths = (
			);
			inputPaths = (
				"${PODS_PODFILE_DIR_PATH}/Podfile.lock",
				"${PODS_ROOT}/Manifest.lock",
			);
			name = "[CP] Check Pods Manifest.lock";
			outputFileListPaths = (
			);
			outputPaths = (
				"$(DERIVED_FILE_DIR)/Pods-TravelOnboardingApp-checkManifestLockResult.txt",
			);
			runOnlyForDeploymentPostprocessing = 0;
			shellPath = /bin/sh;
			shellScript = "diff \"${PODS_PODFILE_DIR_PATH}/Podfile.lock\" \"${PODS_ROOT}/Manifest.lock\" > /dev/null\nif [ $? != 0 ] ; then\n    # print error to STDERR\n    echo \"error: The sandbox is not in sync with the Podfile.lock. Run 'pod install' or update your CocoaPods installation.\" >&2\n    exit 1\nfi\n# This output is used by Xcode 'outputs' to avoid re-running this script phase.\necho \"SUCCESS\" > \"${SCRIPT_OUTPUT_FILE_0}\"\n";
			showEnvVarsInLog = 0;
		};
		F11EB2A51BD68EF39958FA97 /* [CP] Embed Pods Frameworks */ = {
			isa = PBXShellScriptBuildPhase;
			buildActionMask = 2147483647;
			files = (
			);
			inputFileListPaths = (
				"${PODS_ROOT}/Target Support Files/Pods-TravelOnboardingApp/Pods-TravelOnboardingApp-frameworks-${CONFIGURATION}-input-files.xcfilelist",
			);
			name = "[CP] Embed Pods Frameworks";
			outputFileListPaths = (
				"${PODS_ROOT}/Target Support Files/Pods-TravelOnboardingApp/Pods-TravelOnboardingApp-frameworks-${CONFIGURATION}-output-files.xcfilelist",
			);
			runOnlyForDeploymentPostprocessing = 0;
			shellPath = /bin/sh;
			shellScript = "\"${PODS_ROOT}/Target Support Files/Pods-TravelOnboardingApp/Pods-TravelOnboardingApp-frameworks.sh\"\n";
			showEnvVarsInLog = 0;
		};
		FD10A7F022414F080027D42C /* Start Packager */ = {
			isa = PBXShellScriptBuildPhase;
			buildActionMask = 2147483647;
			files = (
			);
			inputFileListPaths = (
			);
			inputPaths = (
			);
			name = "Start Packager";
			outputFileListPaths = (
			);
			outputPaths = (
			);
			runOnlyForDeploymentPostprocessing = 0;
			shellPath = /bin/sh;
			shellScript = "export RCT_METRO_PORT=\"${RCT_METRO_PORT:=8081}\"\necho \"export RCT_METRO_PORT=${RCT_METRO_PORT}\" > \"${SRCROOT}/../node_modules/react-native/scripts/.packager.env\"\nif [ -z \"${RCT_NO_LAUNCH_PACKAGER+xxx}\" ] ; then\n  if nc -w 5 -z localhost ${RCT_METRO_PORT} ; then\n    if ! curl -s \"http://localhost:${RCT_METRO_PORT}/status\" | grep -q \"packager-status:running\" ; then\n      echo \"Port ${RCT_METRO_PORT} already in use, packager is either not running or not running correctly\"\n      exit 2\n    fi\n  else\n    open \"$SRCROOT/../node_modules/react-native/scripts/launchPackager.command\" || echo \"Can't start packager automatically\"\n  fi\nfi\n";
			showEnvVarsInLog = 0;
		};
/* End PBXShellScriptBuildPhase section */

/* Begin PBXSourcesBuildPhase section */
		00E356EA1AD99517003FC87E /* Sources */ = {
			isa = PBXSourcesBuildPhase;
			buildActionMask = 2147483647;
			files = (
				00E356F31AD99517003FC87E /* TravelOnboardingAppTests.m in Sources */,
			);
			runOnlyForDeploymentPostprocessing = 0;
		};
		13B07F871A680F5B00A75B9A /* Sources */ = {
			isa = PBXSourcesBuildPhase;
			buildActionMask = 2147483647;
			files = (
				13B07FBC1A68108700A75B9A /* AppDelegate.m in Sources */,
				13B07FC11A68108700A75B9A /* main.m in Sources */,
			);
			runOnlyForDeploymentPostprocessing = 0;
		};
/* End PBXSourcesBuildPhase section */

/* Begin PBXTargetDependency section */
		00E356F51AD99517003FC87E /* PBXTargetDependency */ = {
			isa = PBXTargetDependency;
			target = 13B07F861A680F5B00A75B9A /* TravelOnboardingApp */;
			targetProxy = 00E356F41AD99517003FC87E /* PBXContainerItemProxy */;
		};
/* End PBXTargetDependency section */

/* Begin XCBuildConfiguration section */
		00E356F61AD99517003FC87E /* Debug */ = {
			isa = XCBuildConfiguration;
			baseConfigurationReference = 4B0062096787362DD0DA9DE1 /* Pods-TravelOnboardingApp-TravelOnboardingAppTests.debug.xcconfig */;
			buildSettings = {
				BUNDLE_LOADER = "$(TEST_HOST)";
				GCC_PREPROCESSOR_DEFINITIONS = (
					"DEBUG=1",
					"$(inherited)",
				);
				INFOPLIST_FILE = TravelOnboardingAppTests/Info.plist;
				IPHONEOS_DEPLOYMENT_TARGET = 11.0;
				LD_RUNPATH_SEARCH_PATHS = (
					"$(inherited)",
					"@executable_path/Frameworks",
					"@loader_path/Frameworks",
				);
				OTHER_LDFLAGS = (
					"-ObjC",
					"-lc++",
					"$(inherited)",
				);
				PRODUCT_BUNDLE_IDENTIFIER = "org.reactjs.native.example.$(PRODUCT_NAME:rfc1034identifier)";
				PRODUCT_NAME = "$(TARGET_NAME)";
				TEST_HOST = "$(BUILT_PRODUCTS_DIR)/TravelOnboardingApp.app/TravelOnboardingApp";
			};
			name = Debug;
		};
		00E356F71AD99517003FC87E /* Release */ = {
			isa = XCBuildConfiguration;
			baseConfigurationReference = 1930256B678C2A354D1EDD89 /* Pods-TravelOnboardingApp-TravelOnboardingAppTests.release.xcconfig */;
			buildSettings = {
				BUNDLE_LOADER = "$(TEST_HOST)";
				COPY_PHASE_STRIP = NO;
				INFOPLIST_FILE = TravelOnboardingAppTests/Info.plist;
				IPHONEOS_DEPLOYMENT_TARGET = 11.0;
				LD_RUNPATH_SEARCH_PATHS = (
					"$(inherited)",
					"@executable_path/Frameworks",
					"@loader_path/Frameworks",
				);
				OTHER_LDFLAGS = (
					"-ObjC",
					"-lc++",
					"$(inherited)",
				);
				PRODUCT_BUNDLE_IDENTIFIER = "org.reactjs.native.example.$(PRODUCT_NAME:rfc1034identifier)";
				PRODUCT_NAME = "$(TARGET_NAME)";
				TEST_HOST = "$(BUILT_PRODUCTS_DIR)/TravelOnboardingApp.app/TravelOnboardingApp";
			};
			name = Release;
		};
		13B07F941A680F5B00A75B9A /* Debug */ = {
			isa = XCBuildConfiguration;
			baseConfigurationReference = 58B41BF909528C7F48C3021E /* Pods-TravelOnboardingApp.debug.xcconfig */;
			buildSettings = {
				ASSETCATALOG_COMPILER_APPICON_NAME = AppIcon;
				CLANG_ENABLE_MODULES = YES;
				CURRENT_PROJECT_VERSION = 1;
				ENABLE_BITCODE = NO;
				INFOPLIST_FILE = TravelOnboardingApp/Info.plist;
				LD_RUNPATH_SEARCH_PATHS = (
					"$(inherited)",
					"@executable_path/Frameworks",
				);
				OTHER_LDFLAGS = (
					"$(inherited)",
					"-ObjC",
					"-lc++",
				);
				PRODUCT_BUNDLE_IDENTIFIER = "org.reactjs.native.example.$(PRODUCT_NAME:rfc1034identifier)";
				PRODUCT_NAME = TravelOnboardingApp;
				SWIFT_OPTIMIZATION_LEVEL = "-Onone";
				SWIFT_VERSION = 5.0;
				VERSIONING_SYSTEM = "apple-generic";
			};
			name = Debug;
		};
		13B07F951A680F5B00A75B9A /* Release */ = {
			isa = XCBuildConfiguration;
			baseConfigurationReference = 0E84CAAEFBD2AD00AD074462 /* Pods-TravelOnboardingApp.release.xcconfig */;
			buildSettings = {
				ASSETCATALOG_COMPILER_APPICON_NAME = AppIcon;
				CLANG_ENABLE_MODULES = YES;
				CURRENT_PROJECT_VERSION = 1;
				INFOPLIST_FILE = TravelOnboardingApp/Info.plist;
				LD_RUNPATH_SEARCH_PATHS = (
					"$(inherited)",
					"@executable_path/Frameworks",
				);
				OTHER_LDFLAGS = (
					"$(inherited)",
					"-ObjC",
					"-lc++",
				);
				PRODUCT_BUNDLE_IDENTIFIER = "org.reactjs.native.example.$(PRODUCT_NAME:rfc1034identifier)";
				PRODUCT_NAME = TravelOnboardingApp;
				SWIFT_VERSION = 5.0;
				VERSIONING_SYSTEM = "apple-generic";
			};
			name = Release;
		};
		83CBBA201A601CBA00E9B192 /* Debug */ = {
			isa = XCBuildConfiguration;
			buildSettings = {
				ALWAYS_SEARCH_USER_PATHS = NO;
				CLANG_ANALYZER_LOCALIZABILITY_NONLOCALIZED = YES;
				CLANG_CXX_LANGUAGE_STANDARD = "gnu++0x";
				CLANG_CXX_LIBRARY = "libc++";
				CLANG_ENABLE_MODULES = YES;
				CLANG_ENABLE_OBJC_ARC = YES;
				CLANG_WARN_BLOCK_CAPTURE_AUTORELEASING = YES;
				CLANG_WARN_BOOL_CONVERSION = YES;
				CLANG_WARN_COMMA = YES;
				CLANG_WARN_CONSTANT_CONVERSION = YES;
				CLANG_WARN_DEPRECATED_OBJC_IMPLEMENTATIONS = YES;
				CLANG_WARN_DIRECT_OBJC_ISA_USAGE = YES_ERROR;
				CLANG_WARN_EMPTY_BODY = YES;
				CLANG_WARN_ENUM_CONVERSION = YES;
				CLANG_WARN_INFINITE_RECURSION = YES;
				CLANG_WARN_INT_CONVERSION = YES;
				CLANG_WARN_NON_LITERAL_NULL_CONVERSION = YES;
				CLANG_WARN_OBJC_IMPLICIT_RETAIN_SELF = YES;
				CLANG_WARN_OBJC_LITERAL_CONVERSION = YES;
				CLANG_WARN_OBJC_ROOT_CLASS = YES_ERROR;
				CLANG_WARN_QUOTED_INCLUDE_IN_FRAMEWORK_HEADER = YES;
				CLANG_WARN_RANGE_LOOP_ANALYSIS = YES;
				CLANG_WARN_STRICT_PROTOTYPES = YES;
				CLANG_WARN_SUSPICIOUS_MOVE = YES;
				CLANG_WARN_UNREACHABLE_CODE = YES;
				CLANG_WARN__DUPLICATE_METHOD_MATCH = YES;
				"CODE_SIGN_IDENTITY[sdk=iphoneos*]" = "iPhone Developer";
				COPY_PHASE_STRIP = NO;
				ENABLE_STRICT_OBJC_MSGSEND = YES;
				ENABLE_TESTABILITY = YES;
				"EXCLUDED_ARCHS[sdk=iphonesimulator*]" = "";
				GCC_C_LANGUAGE_STANDARD = gnu99;
				GCC_DYNAMIC_NO_PIC = NO;
				GCC_NO_COMMON_BLOCKS = YES;
				GCC_OPTIMIZATION_LEVEL = 0;
				GCC_PREPROCESSOR_DEFINITIONS = (
					"DEBUG=1",
					"$(inherited)",
				);
				GCC_SYMBOLS_PRIVATE_EXTERN = NO;
				GCC_WARN_64_TO_32_BIT_CONVERSION = YES;
				GCC_WARN_ABOUT_RETURN_TYPE = YES_ERROR;
				GCC_WARN_UNDECLARED_SELECTOR = YES;
				GCC_WARN_UNINITIALIZED_AUTOS = YES_AGGRESSIVE;
				GCC_WARN_UNUSED_FUNCTION = YES;
				GCC_WARN_UNUSED_VARIABLE = YES;
				IPHONEOS_DEPLOYMENT_TARGET = 11.0;
				LD_RUNPATH_SEARCH_PATHS = (
					/usr/lib/swift,
					"$(inherited)",
				);
				LIBRARY_SEARCH_PATHS = (
					"\"$(SDKROOT)/usr/lib/swift\"",
					"\"$(TOOLCHAIN_DIR)/usr/lib/swift/$(PLATFORM_NAME)\"",
					"\"$(TOOLCHAIN_DIR)/usr/lib/swift-5.0/$(PLATFORM_NAME)\"",
					"\"$(inherited)\"",
				);
				MTL_ENABLE_DEBUG_INFO = YES;
				ONLY_ACTIVE_ARCH = YES;
				SDKROOT = iphoneos;
			};
			name = Debug;
		};
		83CBBA211A601CBA00E9B192 /* Release */ = {
			isa = XCBuildConfiguration;
			buildSettings = {
				ALWAYS_SEARCH_USER_PATHS = NO;
				CLANG_ANALYZER_LOCALIZABILITY_NONLOCALIZED = YES;
				CLANG_CXX_LANGUAGE_STANDARD = "gnu++0x";
				CLANG_CXX_LIBRARY = "libc++";
				CLANG_ENABLE_MODULES = YES;
				CLANG_ENABLE_OBJC_ARC = YES;
				CLANG_WARN_BLOCK_CAPTURE_AUTORELEASING = YES;
				CLANG_WARN_BOOL_CONVERSION = YES;
				CLANG_WARN_COMMA = YES;
				CLANG_WARN_CONSTANT_CONVERSION = YES;
				CLANG_WARN_DEPRECATED_OBJC_IMPLEMENTATIONS = YES;
				CLANG_WARN_DIRECT_OBJC_ISA_USAGE = YES_ERROR;
				CLANG_WARN_EMPTY_BODY = YES;
				CLANG_WARN_ENUM_CONVERSION = YES;
				CLANG_WARN_INFINITE_RECURSION = YES;
				CLANG_WARN_INT_CONVERSION = YES;
				CLANG_WARN_NON_LITERAL_NULL_CONVERSION = YES;
				CLANG_WARN_OBJC_IMPLICIT_RETAIN_SELF = YES;
				CLANG_WARN_OBJC_LITERAL_CONVERSION = YES;
				CLANG_WARN_OBJC_ROOT_CLASS = YES_ERROR;
				CLANG_WARN_QUOTED_INCLUDE_IN_FRAMEWORK_HEADER = YES;
				CLANG_WARN_RANGE_LOOP_ANALYSIS = YES;
				CLANG_WARN_STRICT_PROTOTYPES = YES;
				CLANG_WARN_SUSPICIOUS_MOVE = YES;
				CLANG_WARN_UNREACHABLE_CODE = YES;
				CLANG_WARN__DUPLICATE_METHOD_MATCH = YES;
				"CODE_SIGN_IDENTITY[sdk=iphoneos*]" = "iPhone Developer";
				COPY_PHASE_STRIP = YES;
				ENABLE_NS_ASSERTIONS = NO;
				ENABLE_STRICT_OBJC_MSGSEND = YES;
				"EXCLUDED_ARCHS[sdk=iphonesimulator*]" = "";
				GCC_C_LANGUAGE_STANDARD = gnu99;
				GCC_NO_COMMON_BLOCKS = YES;
				GCC_WARN_64_TO_32_BIT_CONVERSION = YES;
				GCC_WARN_ABOUT_RETURN_TYPE = YES_ERROR;
				GCC_WARN_UNDECLARED_SELECTOR = YES;
				GCC_WARN_UNINITIALIZED_AUTOS = YES_AGGRESSIVE;
				GCC_WARN_UNUSED_FUNCTION = YES;
				GCC_WARN_UNUSED_VARIABLE = YES;
				IPHONEOS_DEPLOYMENT_TARGET = 11.0;
				LD_RUNPATH_SEARCH_PATHS = (
					/usr/lib/swift,
					"$(inherited)",
				);
				LIBRARY_SEARCH_PATHS = (
					"\"$(SDKROOT)/usr/lib/swift\"",
					"\"$(TOOLCHAIN_DIR)/usr/lib/swift/$(PLATFORM_NAME)\"",
					"\"$(TOOLCHAIN_DIR)/usr/lib/swift-5.0/$(PLATFORM_NAME)\"",
					"\"$(inherited)\"",
				);
				MTL_ENABLE_DEBUG_INFO = NO;
				SDKROOT = iphoneos;
				VALIDATE_PRODUCT = YES;
			};
			name = Release;
		};
/* End XCBuildConfiguration section */

/* Begin XCConfigurationList section */
		00E357021AD99517003FC87E /* Build configuration list for PBXNativeTarget "TravelOnboardingAppTests" */ = {
			isa = XCConfigurationList;
			buildConfigurations = (
				00E356F61AD99517003FC87E /* Debug */,
				00E356F71AD99517003FC87E /* Release */,
			);
			defaultConfigurationIsVisible = 0;
			defaultConfigurationName = Release;
		};
		13B07F931A680F5B00A75B9A /* Build configuration list for PBXNativeTarget "TravelOnboardingApp" */ = {
			isa = XCConfigurationList;
			buildConfigurations = (
				13B07F941A680F5B00A75B9A /* Debug */,
				13B07F951A680F5B00A75B9A /* Release */,
			);
			defaultConfigurationIsVisible = 0;
			defaultConfigurationName = Release;
		};
		83CBB9FA1A601CBA00E9B192 /* Build configuration list for PBXProject "TravelOnboardingApp" */ = {
			isa = XCConfigurationList;
			buildConfigurations = (
				83CBBA201A601CBA00E9B192 /* Debug */,
				83CBBA211A601CBA00E9B192 /* Release */,
			);
			defaultConfigurationIsVisible = 0;
			defaultConfigurationName = Release;
		};
/* End XCConfigurationList section */
	};
	rootObject = 83CBB9F71A601CBA00E9B192 /* Project object */;
}
